
Microsoft Visual Studio Solution File, Format Version 12.00
# Visual Studio 2013
VisualStudioVersion = 12.0.21005.1
MinimumVisualStudioVersion = 10.0.40219.1
Project("{8BC9CEB8-8B4A-11D0-8D11-00A0C91BC942}") = "SimpleWin32_step1", "PartII_4_Step1\SimpleWin32_step1.vcxproj", "{C8C1FB3B-BC4A-403F-9252-BD56A383A93D}"
EndProject
Project("{8BC9CEB8-8B4A-11D0-8D11-00A0C91BC942}") = "SimpleWin32_step2", "PartII_4_Step2\SimpleWin32_step2.vcxproj", "{D31B0475-026C-4CA0-B40E-48A13175AF70}"
EndProject
Project("{8BC9CEB8-8B4A-11D0-8D11-00A0C91BC942}") = "SimpleWin32_step3", "PartII_4_Step3\SimpleWin32_step3.vcxproj", "{843032CD-562D-4957-A8A7-0E774D0539EA}"
EndProject
Global
	GlobalSection(SolutionConfigurationPlatforms) = preSolution
		Debug|Win32 = Debug|Win32
		Release|Win32 = Release|Win32
		Template|Win32 = Template|Win32
	EndGlobalSection
	GlobalSection(ProjectConfigurationPlatforms) = postSolution
		{C8C1FB3B-BC4A-403F-9252-BD56A383A93D}.Debug|Win32.ActiveCfg = Debug|Win32
		{C8C1FB3B-BC4A-403F-9252-BD56A383A93D}.Debug|Win32.Build.0 = Debug|Win32
		{C8C1FB3B-BC4A-403F-9252-BD56A383A93D}.Release|Win32.ActiveCfg = Release|Win32
		{C8C1FB3B-BC4A-403F-9252-BD56A383A93D}.Release|Win32.Build.0 = Release|Win32
		{C8C1FB3B-BC4A-403F-9252-BD56A383A93D}.Template|Win32.ActiveCfg = Release|Win32
		{C8C1FB3B-BC4A-403F-9252-BD56A383A93D}.Template|Win32.Build.0 = Release|Win32
		{D31B0475-026C-4CA0-B40E-48A13175AF70}.Debug|Win32.ActiveCfg = Debug|Win32
		{D31B0475-026C-4CA0-B40E-48A13175AF70}.Debug|Win32.Build.0 = Debug|Win32
		{D31B0475-026C-4CA0-B40E-48A13175AF70}.Release|Win32.ActiveCfg = Release|Win32
		{D31B0475-026C-4CA0-B40E-48A13175AF70}.Release|Win32.Build.0 = Release|Win32
		{D31B0475-026C-4CA0-B40E-48A13175AF70}.Template|Win32.ActiveCfg = Template|Win32
		{D31B0475-026C-4CA0-B40E-48A13175AF70}.Template|Win32.Build.0 = Template|Win32
		{843032CD-562D-4957-A8A7-0E774D0539EA}.Debug|Win32.ActiveCfg = Debug|Win32
		{843032CD-562D-4957-A8A7-0E774D0539EA}.Debug|Win32.Build.0 = Debug|Win32
		{843032CD-562D-4957-A8A7-0E774D0539EA}.Release|Win32.ActiveCfg = Release|Win32
		{843032CD-562D-4957-A8A7-0E774D0539EA}.Release|Win32.Build.0 = Release|Win32
		{843032CD-562D-4957-A8A7-0E774D0539EA}.Template|Win32.ActiveCfg = Release|Win32
		{843032CD-562D-4957-A8A7-0E774D0539EA}.Template|Win32.Build.0 = Release|Win32
	EndGlobalSection
	GlobalSection(SolutionProperties) = preSolution
		HideSolutionNode = FALSE
	EndGlobalSection
EndGlobal
